
Microsoft Visual Studio Solution File, Format Version 12.00
# Visual Studio 14
VisualStudioVersion = 14.0.25420.1
MinimumVisualStudioVersion = 10.0.40219.1
Project("{FAE04EC0-301F-11D3-BF4B-00C04F79EFBC}") = "EntityFrameworkSPEEDTEST", "EntityFrameworkSPEEDTEST\EntityFrameworkSPEEDTEST.csproj", "{AFE81D4A-54DD-4D4D-90E7-7D540A486B5A}"
EndProject
Project("{FAE04EC0-301F-11D3-BF4B-00C04F79EFBC}") = "DBML", "DBML\DBML.csproj", "{FDA0F2A4-D47D-4F37-A79A-EC02504B0102}"
EndProject
Global
	GlobalSection(SolutionConfigurationPlatforms) = preSolution
		Debug|Any CPU = Debug|Any CPU
		Release|Any CPU = Release|Any CPU
	EndGlobalSection
	GlobalSection(ProjectConfigurationPlatforms) = postSolution
		{AFE81D4A-54DD-4D4D-90E7-7D540A486B5A}.Debug|Any CPU.ActiveCfg = Debug|Any CPU
		{AFE81D4A-54DD-4D4D-90E7-7D540A486B5A}.Debug|Any CPU.Build.0 = Debug|Any CPU
		{AFE81D4A-54DD-4D4D-90E7-7D540A486B5A}.Release|Any CPU.ActiveCfg = Release|Any CPU
		{AFE81D4A-54DD-4D4D-90E7-7D540A486B5A}.Release|Any CPU.Build.0 = Release|Any CPU
		{FDA0F2A4-D47D-4F37-A79A-EC02504B0102}.Debug|Any CPU.ActiveCfg = Debug|Any CPU
		{FDA0F2A4-D47D-4F37-A79A-EC02504B0102}.Debug|Any CPU.Build.0 = Debug|Any CPU
		{FDA0F2A4-D47D-4F37-A79A-EC02504B0102}.Release|Any CPU.ActiveCfg = Release|Any CPU
		{FDA0F2A4-D47D-4F37-A79A-EC02504B0102}.Release|Any CPU.Build.0 = Release|Any CPU
	EndGlobalSection
	GlobalSection(SolutionProperties) = preSolution
		HideSolutionNode = FALSE
	EndGlobalSection
EndGlobal
